// !$*UTF8*$!
{
	archiveVersion = 1;
	classes = {
	};
	objectVersion = 50;
	objects = {

/* Begin PBXBuildFile section */
		A6FE8C70225DFC010091078B /* AppDelegate.swift in Sources */ = {isa = PBXBuildFile; fileRef = A6FE8C6F225DFC010091078B /* AppDelegate.swift */; };
		A6FE8C72225DFC010091078B /* ViewController.swift in Sources */ = {isa = PBXBuildFile; fileRef = A6FE8C71225DFC010091078B /* ViewController.swift */; };
		A6FE8C75225DFC010091078B /* Main.storyboard in Resources */ = {isa = PBXBuildFile; fileRef = A6FE8C73225DFC010091078B /* Main.storyboard */; };
		A6FE8C77225DFC030091078B /* Assets.xcassets in Resources */ = {isa = PBXBuildFile; fileRef = A6FE8C76225DFC030091078B /* Assets.xcassets */; };
		A6FE8C7A225DFC030091078B /* LaunchScreen.storyboard in Resources */ = {isa = PBXBuildFile; fileRef = A6FE8C78225DFC030091078B /* LaunchScreen.storyboard */; };
		A6FE8C85225DFC030091078B /* SmartmobeTests.swift in Sources */ = {isa = PBXBuildFile; fileRef = A6FE8C84225DFC030091078B /* SmartmobeTests.swift */; };
		A6FE8C90225DFC030091078B /* SmartmobeUITests.swift in Sources */ = {isa = PBXBuildFile; fileRef = A6FE8C8F225DFC030091078B /* SmartmobeUITests.swift */; };
/* End PBXBuildFile section */

/* Begin PBXContainerItemProxy section */
		A6FE8C81225DFC030091078B /* PBXContainerItemProxy */ = {
			isa = PBXContainerItemProxy;
			containerPortal = A6FE8C64225DFC010091078B /* Project object */;
			proxyType = 1;
			remoteGlobalIDString = A6FE8C6B225DFC010091078B;
			remoteInfo = Smartmobe;
		};
		A6FE8C8C225DFC030091078B /* PBXContainerItemProxy */ = {
			isa = PBXContainerItemProxy;
			containerPortal = A6FE8C64225DFC010091078B /* Project object */;
			proxyType = 1;
			remoteGlobalIDString = A6FE8C6B225DFC010091078B;
			remoteInfo = Smartmobe;
		};
/* End PBXContainerItemProxy section */

/* Begin PBXFileReference section */
		A6FE8C6C225DFC010091078B /* Smartmobe.app */ = {isa = PBXFileReference; explicitFileType = wrapper.application; includeInIndex = 0; path = Smartmobe.app; sourceTree = BUILT_PRODUCTS_DIR; };
		A6FE8C6F225DFC010091078B /* AppDelegate.swift */ = {isa = PBXFileReference; lastKnownFileType = sourcecode.swift; path = AppDelegate.swift; sourceTree = "<group>"; };
		A6FE8C71225DFC010091078B /* ViewController.swift */ = {isa = PBXFileReference; lastKnownFileType = sourcecode.swift; path = ViewController.swift; sourceTree = "<group>"; };
		A6FE8C74225DFC010091078B /* Base */ = {isa = PBXFileReference; lastKnownFileType = file.storyboard; name = Base; path = Base.lproj/Main.storyboard; sourceTree = "<group>"; };
		A6FE8C76225DFC030091078B /* Assets.xcassets */ = {isa = PBXFileReference; lastKnownFileType = folder.assetcatalog; path = Assets.xcassets; sourceTree = "<group>"; };
		A6FE8C79225DFC030091078B /* Base */ = {isa = PBXFileReference; lastKnownFileType = file.storyboard; name = Base; path = Base.lproj/LaunchScreen.storyboard; sourceTree = "<group>"; };
		A6FE8C7B225DFC030091078B /* Info.plist */ = {isa = PBXFileReference; lastKnownFileType = text.plist.xml; path = Info.plist; sourceTree = "<group>"; };
		A6FE8C80225DFC030091078B /* SmartmobeTests.xctest */ = {isa = PBXFileReference; explicitFileType = wrapper.cfbundle; includeInIndex = 0; path = SmartmobeTests.xctest; sourceTree = BUILT_PRODUCTS_DIR; };
		A6FE8C84225DFC030091078B /* SmartmobeTests.swift */ = {isa = PBXFileReference; lastKnownFileType = sourcecode.swift; path = SmartmobeTests.swift; sourceTree = "<group>"; };
		A6FE8C86225DFC030091078B /* Info.plist */ = {isa = PBXFileReference; lastKnownFileType = text.plist.xml; path = Info.plist; sourceTree = "<group>"; };
		A6FE8C8B225DFC030091078B /* SmartmobeUITests.xctest */ = {isa = PBXFileReference; explicitFileType = wrapper.cfbundle; includeInIndex = 0; path = SmartmobeUITests.xctest; sourceTree = BUILT_PRODUCTS_DIR; };
		A6FE8C8F225DFC030091078B /* SmartmobeUITests.swift */ = {isa = PBXFileReference; lastKnownFileType = sourcecode.swift; path = SmartmobeUITests.swift; sourceTree = "<group>"; };
		A6FE8C91225DFC030091078B /* Info.plist */ = {isa = PBXFileReference; lastKnownFileType = text.plist.xml; path = Info.plist; sourceTree = "<group>"; };
/* End PBXFileReference section */

/* Begin PBXFrameworksBuildPhase section */
		A6FE8C69225DFC010091078B /* Frameworks */ = {
			isa = PBXFrameworksBuildPhase;
			buildActionMask = 2147483647;
			files = (
			);
			runOnlyForDeploymentPostprocessing = 0;
		};
		A6FE8C7D225DFC030091078B /* Frameworks */ = {
			isa = PBXFrameworksBuildPhase;
			buildActionMask = 2147483647;
			files = (
			);
			runOnlyForDeploymentPostprocessing = 0;
		};
		A6FE8C88225DFC030091078B /* Frameworks */ = {
			isa = PBXFrameworksBuildPhase;
			buildActionMask = 2147483647;
			files = (
			);
			runOnlyForDeploymentPostprocessing = 0;
		};
/* End PBXFrameworksBuildPhase section */

/* Begin PBXGroup section */
		A6FE8C63225DFC010091078B = {
			isa = PBXGroup;
			children = (
				A6FE8C6E225DFC010091078B /* Smartmobe */,
				A6FE8C83225DFC030091078B /* SmartmobeTests */,
				A6FE8C8E225DFC030091078B /* SmartmobeUITests */,
				A6FE8C6D225DFC010091078B /* Products */,
			);
			sourceTree = "<group>";
		};
		A6FE8C6D225DFC010091078B /* Products */ = {
			isa = PBXGroup;
			children = (
				A6FE8C6C225DFC010091078B /* Smartmobe.app */,
				A6FE8C80225DFC030091078B /* SmartmobeTests.xctest */,
				A6FE8C8B225DFC030091078B /* SmartmobeUITests.xctest */,
			);
			name = Products;
			sourceTree = "<group>";
		};
		A6FE8C6E225DFC010091078B /* Smartmobe */ = {
			isa = PBXGroup;
			children = (
				A6FE8C6F225DFC010091078B /* AppDelegate.swift */,
				A6FE8C71225DFC010091078B /* ViewController.swift */,
				A6FE8C73225DFC010091078B /* Main.storyboard */,
				A6FE8C76225DFC030091078B /* Assets.xcassets */,
				A6FE8C78225DFC030091078B /* LaunchScreen.storyboard */,
				A6FE8C7B225DFC030091078B /* Info.plist */,
			);
			path = Smartmobe;
			sourceTree = "<group>";
		};
		A6FE8C83225DFC030091078B /* SmartmobeTests */ = {
			isa = PBXGroup;
			children = (
				A6FE8C84225DFC030091078B /* SmartmobeTests.swift */,
				A6FE8C86225DFC030091078B /* Info.plist */,
			);
			path = SmartmobeTests;
			sourceTree = "<group>";
		};
		A6FE8C8E225DFC030091078B /* SmartmobeUITests */ = {
			isa = PBXGroup;
			children = (
				A6FE8C8F225DFC030091078B /* SmartmobeUITests.swift */,
				A6FE8C91225DFC030091078B /* Info.plist */,
			);
			path = SmartmobeUITests;
			sourceTree = "<group>";
		};
/* End PBXGroup section */

/* Begin PBXNativeTarget section */
		A6FE8C6B225DFC010091078B /* Smartmobe */ = {
			isa = PBXNativeTarget;
			buildConfigurationList = A6FE8C94225DFC030091078B /* Build configuration list for PBXNativeTarget "Smartmobe" */;
			buildPhases = (
				A6FE8C68225DFC010091078B /* Sources */,
				A6FE8C69225DFC010091078B /* Frameworks */,
				A6FE8C6A225DFC010091078B /* Resources */,
			);
			buildRules = (
			);
			dependencies = (
			);
			name = Smartmobe;
			productName = Smartmobe;
			productReference = A6FE8C6C225DFC010091078B /* Smartmobe.app */;
			productType = "com.apple.product-type.application";
		};
		A6FE8C7F225DFC030091078B /* SmartmobeTests */ = {
			isa = PBXNativeTarget;
			buildConfigurationList = A6FE8C97225DFC030091078B /* Build configuration list for PBXNativeTarget "SmartmobeTests" */;
			buildPhases = (
				A6FE8C7C225DFC030091078B /* Sources */,
				A6FE8C7D225DFC030091078B /* Frameworks */,
				A6FE8C7E225DFC030091078B /* Resources */,
			);
			buildRules = (
			);
			dependencies = (
				A6FE8C82225DFC030091078B /* PBXTargetDependency */,
			);
			name = SmartmobeTests;
			productName = SmartmobeTests;
			productReference = A6FE8C80225DFC030091078B /* SmartmobeTests.xctest */;
			productType = "com.apple.product-type.bundle.unit-test";
		};
		A6FE8C8A225DFC030091078B /* SmartmobeUITests */ = {
			isa = PBXNativeTarget;
			buildConfigurationList = A6FE8C9A225DFC030091078B /* Build configuration list for PBXNativeTarget "SmartmobeUITests" */;
			buildPhases = (
				A6FE8C87225DFC030091078B /* Sources */,
				A6FE8C88225DFC030091078B /* Frameworks */,
				A6FE8C89225DFC030091078B /* Resources */,
			);
			buildRules = (
			);
			dependencies = (
				A6FE8C8D225DFC030091078B /* PBXTargetDependency */,
			);
			name = SmartmobeUITests;
			productName = SmartmobeUITests;
			productReference = A6FE8C8B225DFC030091078B /* SmartmobeUITests.xctest */;
			productType = "com.apple.product-type.bundle.ui-testing";
		};
/* End PBXNativeTarget section */

/* Begin PBXProject section */
		A6FE8C64225DFC010091078B /* Project object */ = {
			isa = PBXProject;
			attributes = {
				LastSwiftUpdateCheck = 1010;
				LastUpgradeCheck = 1010;
				ORGANIZATIONNAME = default;
				TargetAttributes = {
					A6FE8C6B225DFC010091078B = {
						CreatedOnToolsVersion = 10.1;
					};
					A6FE8C7F225DFC030091078B = {
						CreatedOnToolsVersion = 10.1;
						TestTargetID = A6FE8C6B225DFC010091078B;
					};
					A6FE8C8A225DFC030091078B = {
						CreatedOnToolsVersion = 10.1;
						TestTargetID = A6FE8C6B225DFC010091078B;
					};
				};
			};
			buildConfigurationList = A6FE8C67225DFC010091078B /* Build configuration list for PBXProject "Smartmobe" */;
			compatibilityVersion = "Xcode 9.3";
			developmentRegion = en;
			hasScannedForEncodings = 0;
			knownRegions = (
				en,
				Base,
			);
			mainGroup = A6FE8C63225DFC010091078B;
			productRefGroup = A6FE8C6D225DFC010091078B /* Products */;
			projectDirPath = "";
			projectRoot = "";
			targets = (
				A6FE8C6B225DFC010091078B /* Smartmobe */,
				A6FE8C7F225DFC030091078B /* SmartmobeTests */,
				A6FE8C8A225DFC030091078B /* SmartmobeUITests */,
			);
		};
/* End PBXProject section */

/* Begin PBXResourcesBuildPhase section */
		A6FE8C6A225DFC010091078B /* Resources */ = {
			isa = PBXResourcesBuildPhase;
			buildActionMask = 2147483647;
			files = (
				A6FE8C7A225DFC030091078B /* LaunchScreen.storyboard in Resources */,
				A6FE8C77225DFC030091078B /* Assets.xcassets in Resources */,
				A6FE8C75225DFC010091078B /* Main.storyboard in Resources */,
			);
			runOnlyForDeploymentPostprocessing = 0;
		};
		A6FE8C7E225DFC030091078B /* Resources */ = {
			isa = PBXResourcesBuildPhase;
			buildActionMask = 2147483647;
			files = (
			);
			runOnlyForDeploymentPostprocessing = 0;
		};
		A6FE8C89225DFC030091078B /* Resources */ = {
			isa = PBXResourcesBuildPhase;
			buildActionMask = 2147483647;
			files = (
			);
			runOnlyForDeploymentPostprocessing = 0;
		};
/* End PBXResourcesBuildPhase section */

/* Begin PBXSourcesBuildPhase section */
		A6FE8C68225DFC010091078B /* Sources */ = {
			isa = PBXSourcesBuildPhase;
			buildActionMask = 2147483647;
			files = (
				A6FE8C72225DFC010091078B /* ViewController.swift in Sources */,
				A6FE8C70225DFC010091078B /* AppDelegate.swift in Sources */,
			);
			runOnlyForDeploymentPostprocessing = 0;
		};
		A6FE8C7C225DFC030091078B /* Sources */ = {
			isa = PBXSourcesBuildPhase;
			buildActionMask = 2147483647;
			files = (
				A6FE8C85225DFC030091078B /* SmartmobeTests.swift in Sources */,
			);
			runOnlyForDeploymentPostprocessing = 0;
		};
		A6FE8C87225DFC030091078B /* Sources */ = {
			isa = PBXSourcesBuildPhase;
			buildActionMask = 2147483647;
			files = (
				A6FE8C90225DFC030091078B /* SmartmobeUITests.swift in Sources */,
			);
			runOnlyForDeploymentPostprocessing = 0;
		};
/* End PBXSourcesBuildPhase section */

/* Begin PBXTargetDependency section */
		A6FE8C82225DFC030091078B /* PBXTargetDependency */ = {
			isa = PBXTargetDependency;
			target = A6FE8C6B225DFC010091078B /* Smartmobe */;
			targetProxy = A6FE8C81225DFC030091078B /* PBXContainerItemProxy */;
		};
		A6FE8C8D225DFC030091078B /* PBXTargetDependency */ = {
			isa = PBXTargetDependency;
			target = A6FE8C6B225DFC010091078B /* Smartmobe */;
			targetProxy = A6FE8C8C225DFC030091078B /* PBXContainerItemProxy */;
		};
/* End PBXTargetDependency section */

/* Begin PBXVariantGroup section */
		A6FE8C73225DFC010091078B /* Main.storyboard */ = {
			isa = PBXVariantGroup;
			children = (
				A6FE8C74225DFC010091078B /* Base */,
			);
			name = Main.storyboard;
			sourceTree = "<group>";
		};
		A6FE8C78225DFC030091078B /* LaunchScreen.storyboard */ = {
			isa = PBXVariantGroup;
			children = (
				A6FE8C79225DFC030091078B /* Base */,
			);
			name = LaunchScreen.storyboard;
			sourceTree = "<group>";
		};
/* End PBXVariantGroup section */

/* Begin XCBuildConfiguration section */
		A6FE8C92225DFC030091078B /* Debug */ = {
			isa = XCBuildConfiguration;
			buildSettings = {
				ALWAYS_SEARCH_USER_PATHS = NO;
				CLANG_ANALYZER_NONNULL = YES;
				CLANG_ANALYZER_NUMBER_OBJECT_CONVERSION = YES_AGGRESSIVE;
				CLANG_CXX_LANGUAGE_STANDARD = "gnu++14";
				CLANG_CXX_LIBRARY = "libc++";
				CLANG_ENABLE_MODULES = YES;
				CLANG_ENABLE_OBJC_ARC = YES;
				CLANG_ENABLE_OBJC_WEAK = YES;
				CLANG_WARN_BLOCK_CAPTURE_AUTORELEASING = YES;
				CLANG_WARN_BOOL_CONVERSION = YES;
				CLANG_WARN_COMMA = YES;
				CLANG_WARN_CONSTANT_CONVERSION = YES;
				CLANG_WARN_DEPRECATED_OBJC_IMPLEMENTATIONS = YES;
				CLANG_WARN_DIRECT_OBJC_ISA_USAGE = YES_ERROR;
				CLANG_WARN_DOCUMENTATION_COMMENTS = YES;
				CLANG_WARN_EMPTY_BODY = YES;
				CLANG_WARN_ENUM_CONVERSION = YES;
				CLANG_WARN_INFINITE_RECURSION = YES;
				CLANG_WARN_INT_CONVERSION = YES;
				CLANG_WARN_NON_LITERAL_NULL_CONVERSION = YES;
				CLANG_WARN_OBJC_IMPLICIT_RETAIN_SELF = YES;
				CLANG_WARN_OBJC_LITERAL_CONVERSION = YES;
				CLANG_WARN_OBJC_ROOT_CLASS = YES_ERROR;
				CLANG_WARN_RANGE_LOOP_ANALYSIS = YES;
				CLANG_WARN_STRICT_PROTOTYPES = YES;
				CLANG_WARN_SUSPICIOUS_MOVE = YES;
				CLANG_WARN_UNGUARDED_AVAILABILITY = YES_AGGRESSIVE;
				CLANG_WARN_UNREACHABLE_CODE = YES;
				CLANG_WARN__DUPLICATE_METHOD_MATCH = YES;
				CODE_SIGN_IDENTITY = "iPhone Developer";
				COPY_PHASE_STRIP = NO;
				DEBUG_INFORMATION_FORMAT = dwarf;
				ENABLE_STRICT_OBJC_MSGSEND = YES;
				ENABLE_TESTABILITY = YES;
				GCC_C_LANGUAGE_STANDARD = gnu11;
				GCC_DYNAMIC_NO_PIC = NO;
				GCC_NO_COMMON_BLOCKS = YES;
				GCC_OPTIMIZATION_LEVEL = 0;
				GCC_PREPROCESSOR_DEFINITIONS = (
					"DEBUG=1",
					"$(inherited)",
				);
				GCC_WARN_64_TO_32_BIT_CONVERSION = YES;
				GCC_WARN_ABOUT_RETURN_TYPE = YES_ERROR;
				GCC_WARN_UNDECLARED_SELECTOR = YES;
				GCC_WARN_UNINITIALIZED_AUTOS = YES_AGGRESSIVE;
				GCC_WARN_UNUSED_FUNCTION = YES;
				GCC_WARN_UNUSED_VARIABLE = YES;
				IPHONEOS_DEPLOYMENT_TARGET = 12.1;
				MTL_ENABLE_DEBUG_INFO = INCLUDE_SOURCE;
				MTL_FAST_MATH = YES;
				ONLY_ACTIVE_ARCH = YES;
				SDKROOT = iphoneos;
				SWIFT_ACTIVE_COMPILATION_CONDITIONS = DEBUG;
				SWIFT_OPTIMIZATION_LEVEL = "-Onone";
			};
			name = Debug;
		};
		A6FE8C93225DFC030091078B /* Release */ = {
			isa = XCBuildConfiguration;
			buildSettings = {
				ALWAYS_SEARCH_USER_PATHS = NO;
				CLANG_ANALYZER_NONNULL = YES;
				CLANG_ANALYZER_NUMBER_OBJECT_CONVERSION = YES_AGGRESSIVE;
				CLANG_CXX_LANGUAGE_STANDARD = "gnu++14";
				CLANG_CXX_LIBRARY = "libc++";
				CLANG_ENABLE_MODULES = YES;
				CLANG_ENABLE_OBJC_ARC = YES;
				CLANG_ENABLE_OBJC_WEAK = YES;
				CLANG_WARN_BLOCK_CAPTURE_AUTORELEASING = YES;
				CLANG_WARN_BOOL_CONVERSION = YES;
				CLANG_WARN_COMMA = YES;
				CLANG_WARN_CONSTANT_CONVERSION = YES;
				CLANG_WARN_DEPRECATED_OBJC_IMPLEMENTATIONS = YES;
				CLANG_WARN_DIRECT_OBJC_ISA_USAGE = YES_ERROR;
				CLANG_WARN_DOCUMENTATION_COMMENTS = YES;
				CLANG_WARN_EMPTY_BODY = YES;
				CLANG_WARN_ENUM_CONVERSION = YES;
				CLANG_WARN_INFINITE_RECURSION = YES;
				CLANG_WARN_INT_CONVERSION = YES;
				CLANG_WARN_NON_LITERAL_NULL_CONVERSION = YES;
				CLANG_WARN_OBJC_IMPLICIT_RETAIN_SELF = YES;
				CLANG_WARN_OBJC_LITERAL_CONVERSION = YES;
				CLANG_WARN_OBJC_ROOT_CLASS = YES_ERROR;
				CLANG_WARN_RANGE_LOOP_ANALYSIS = YES;
				CLANG_WARN_STRICT_PROTOTYPES = YES;
				CLANG_WARN_SUSPICIOUS_MOVE = YES;
				CLANG_WARN_UNGUARDED_AVAILABILITY = YES_AGGRESSIVE;
				CLANG_WARN_UNREACHABLE_CODE = YES;
				CLANG_WARN__DUPLICATE_METHOD_MATCH = YES;
				CODE_SIGN_IDENTITY = "iPhone Developer";
				COPY_PHASE_STRIP = NO;
				DEBUG_INFORMATION_FORMAT = "dwarf-with-dsym";
				ENABLE_NS_ASSERTIONS = NO;
				ENABLE_STRICT_OBJC_MSGSEND = YES;
				GCC_C_LANGUAGE_STANDARD = gnu11;
				GCC_NO_COMMON_BLOCKS = YES;
				GCC_WARN_64_TO_32_BIT_CONVERSION = YES;
				GCC_WARN_ABOUT_RETURN_TYPE = YES_ERROR;
				GCC_WARN_UNDECLARED_SELECTOR = YES;
				GCC_WARN_UNINITIALIZED_AUTOS = YES_AGGRESSIVE;
				GCC_WARN_UNUSED_FUNCTION = YES;
				GCC_WARN_UNUSED_VARIABLE = YES;
				IPHONEOS_DEPLOYMENT_TARGET = 12.1;
				MTL_ENABLE_DEBUG_INFO = NO;
				MTL_FAST_MATH = YES;
				SDKROOT = iphoneos;
				SWIFT_COMPILATION_MODE = wholemodule;
				SWIFT_OPTIMIZATION_LEVEL = "-O";
				VALIDATE_PRODUCT = YES;
			};
			name = Release;
		};
		A6FE8C95225DFC030091078B /* Debug */ = {
			isa = XCBuildConfiguration;
			buildSettings = {
				ASSETCATALOG_COMPILER_APPICON_NAME = AppIcon;
				CODE_SIGN_STYLE = Automatic;
				DEVELOPMENT_TEAM = FLFJXDG4UR;
				INFOPLIST_FILE = Smartmobe/Info.plist;
				LD_RUNPATH_SEARCH_PATHS = (
					"$(inherited)",
					"@executable_path/Frameworks",
				);
				PRODUCT_BUNDLE_IDENTIFIER = com.smartmobe.Smartmobe;
				PRODUCT_NAME = "$(TARGET_NAME)";
				SWIFT_VERSION = 4.2;
				TARGETED_DEVICE_FAMILY = "1,2";
			};
			name = Debug;
		};
		A6FE8C96225DFC030091078B /* Release */ = {
			isa = XCBuildConfiguration;
			buildSettings = {
				ASSETCATALOG_COMPILER_APPICON_NAME = AppIcon;
				CODE_SIGN_STYLE = Automatic;
				DEVELOPMENT_TEAM = FLFJXDG4UR;
				INFOPLIST_FILE = Smartmobe/Info.plist;
				LD_RUNPATH_SEARCH_PATHS = (
					"$(inherited)",
					"@executable_path/Frameworks",
				);
				PRODUCT_BUNDLE_IDENTIFIER = com.smartmobe.Smartmobe;
				PRODUCT_NAME = "$(TARGET_NAME)";
				SWIFT_VERSION = 4.2;
				TARGETED_DEVICE_FAMILY = "1,2";
			};
			name = Release;
		};
		A6FE8C98225DFC030091078B /* Debug */ = {
			isa = XCBuildConfiguration;
			buildSettings = {
				ALWAYS_EMBED_SWIFT_STANDARD_LIBRARIES = YES;
				BUNDLE_LOADER = "$(TEST_HOST)";
				CODE_SIGN_STYLE = Automatic;
				DEVELOPMENT_TEAM = FLFJXDG4UR;
				INFOPLIST_FILE = SmartmobeTests/Info.plist;
				LD_RUNPATH_SEARCH_PATHS = (
					"$(inherited)",
					"@executable_path/Frameworks",
					"@loader_path/Frameworks",
				);
				PRODUCT_BUNDLE_IDENTIFIER = com.smartmobe.SmartmobeTests;
				PRODUCT_NAME = "$(TARGET_NAME)";
				SWIFT_VERSION = 4.2;
				TARGETED_DEVICE_FAMILY = "1,2";
				TEST_HOST = "$(BUILT_PRODUCTS_DIR)/Smartmobe.app/Smartmobe";
			};
			name = Debug;
		};
		A6FE8C99225DFC030091078B /* Release */ = {
			isa = XCBuildConfiguration;
			buildSettings = {
				ALWAYS_EMBED_SWIFT_STANDARD_LIBRARIES = YES;
				BUNDLE_LOADER = "$(TEST_HOST)";
				CODE_SIGN_STYLE = Automatic;
				DEVELOPMENT_TEAM = FLFJXDG4UR;
				INFOPLIST_FILE = SmartmobeTests/Info.plist;
				LD_RUNPATH_SEARCH_PATHS = (
					"$(inherited)",
					"@executable_path/Frameworks",
					"@loader_path/Frameworks",
				);
				PRODUCT_BUNDLE_IDENTIFIER = com.smartmobe.SmartmobeTests;
				PRODUCT_NAME = "$(TARGET_NAME)";
				SWIFT_VERSION = 4.2;
				TARGETED_DEVICE_FAMILY = "1,2";
				TEST_HOST = "$(BUILT_PRODUCTS_DIR)/Smartmobe.app/Smartmobe";
			};
			name = Release;
		};
		A6FE8C9B225DFC030091078B /* Debug */ = {
			isa = XCBuildConfiguration;
			buildSettings = {
				ALWAYS_EMBED_SWIFT_STANDARD_LIBRARIES = YES;
				CODE_SIGN_STYLE = Automatic;
				DEVELOPMENT_TEAM = FLFJXDG4UR;
				INFOPLIST_FILE = SmartmobeUITests/Info.plist;
				LD_RUNPATH_SEARCH_PATHS = (
					"$(inherited)",
					"@executable_path/Frameworks",
					"@loader_path/Frameworks",
				);
				PRODUCT_BUNDLE_IDENTIFIER = com.smartmobe.SmartmobeUITests;
				PRODUCT_NAME = "$(TARGET_NAME)";
				SWIFT_VERSION = 4.2;
				TARGETED_DEVICE_FAMILY = "1,2";
				TEST_TARGET_NAME = Smartmobe;
			};
			name = Debug;
		};
		A6FE8C9C225DFC030091078B /* Release */ = {
			isa = XCBuildConfiguration;
			buildSettings = {
				ALWAYS_EMBED_SWIFT_STANDARD_LIBRARIES = YES;
				CODE_SIGN_STYLE = Automatic;
				DEVELOPMENT_TEAM = FLFJXDG4UR;
				INFOPLIST_FILE = SmartmobeUITests/Info.plist;
				LD_RUNPATH_SEARCH_PATHS = (
					"$(inherited)",
					"@executable_path/Frameworks",
					"@loader_path/Frameworks",
				);
				PRODUCT_BUNDLE_IDENTIFIER = com.smartmobe.SmartmobeUITests;
				PRODUCT_NAME = "$(TARGET_NAME)";
				SWIFT_VERSION = 4.2;
				TARGETED_DEVICE_FAMILY = "1,2";
				TEST_TARGET_NAME = Smartmobe;
			};
			name = Release;
		};
/* End XCBuildConfiguration section */

/* Begin XCConfigurationList section */
		A6FE8C67225DFC010091078B /* Build configuration list for PBXProject "Smartmobe" */ = {
			isa = XCConfigurationList;
			buildConfigurations = (
				A6FE8C92225DFC030091078B /* Debug */,
				A6FE8C93225DFC030091078B /* Release */,
			);
			defaultConfigurationIsVisible = 0;
			defaultConfigurationName = Release;
		};
		A6FE8C94225DFC030091078B /* Build configuration list for PBXNativeTarget "Smartmobe" */ = {
			isa = XCConfigurationList;
			buildConfigurations = (
				A6FE8C95225DFC030091078B /* Debug */,
				A6FE8C96225DFC030091078B /* Release */,
			);
			defaultConfigurationIsVisible = 0;
			defaultConfigurationName = Release;
		};
		A6FE8C97225DFC030091078B /* Build configuration list for PBXNativeTarget "SmartmobeTests" */ = {
			isa = XCConfigurationList;
			buildConfigurations = (
				A6FE8C98225DFC030091078B /* Debug */,
				A6FE8C99225DFC030091078B /* Release */,
			);
			defaultConfigurationIsVisible = 0;
			defaultConfigurationName = Release;
		};
		A6FE8C9A225DFC030091078B /* Build configuration list for PBXNativeTarget "SmartmobeUITests" */ = {
			isa = XCConfigurationList;
			buildConfigurations = (
				A6FE8C9B225DFC030091078B /* Debug */,
				A6FE8C9C225DFC030091078B /* Release */,
			);
			defaultConfigurationIsVisible = 0;
			defaultConfigurationName = Release;
		};
/* End XCConfigurationList section */
	};
	rootObject = A6FE8C64225DFC010091078B /* Project object */;
}
